
Microsoft Visual Studio Solution File, Format Version 12.00
Project("{FAE04EC0-301F-11D3-BF4B-00C04F79EFBC}") = "JAG.Learnster.APIClient", "JAG.Learnster.APIClient\JAG.Learnster.APIClient.csproj", "{34918232-D807-4836-8C15-523E66FADFE3}"
EndProject
Global
	GlobalSection(SolutionConfigurationPlatforms) = preSolution
		Debug|Any CPU = Debug|Any CPU
		Release|Any CPU = Release|Any CPU
	EndGlobalSection
	GlobalSection(ProjectConfigurationPlatforms) = postSolution
		{34918232-D807-4836-8C15-523E66FADFE3}.Debug|Any CPU.ActiveCfg = Debug|Any CPU
		{34918232-D807-4836-8C15-523E66FADFE3}.Debug|Any CPU.Build.0 = Debug|Any CPU
		{34918232-D807-4836-8C15-523E66FADFE3}.Release|Any CPU.ActiveCfg = Release|Any CPU
		{34918232-D807-4836-8C15-523E66FADFE3}.Release|Any CPU.Build.0 = Release|Any CPU
	EndGlobalSection
EndGlobal
